// !$*UTF8*$!
{
	archiveVersion = 1;
	classes = {
	};
	objectVersion = 46;
	objects = {

/* Begin PBXBuildFile section */
		B9AEEB351975457C00311D5B /* Foundation.framework in Frameworks */ = {isa = PBXBuildFile; fileRef = B9AEEB341975457C00311D5B /* Foundation.framework */; };
		B9AEEB371975457C00311D5B /* CoreGraphics.framework in Frameworks */ = {isa = PBXBuildFile; fileRef = B9AEEB361975457C00311D5B /* CoreGraphics.framework */; };
		B9AEEB391975457C00311D5B /* UIKit.framework in Frameworks */ = {isa = PBXBuildFile; fileRef = B9AEEB381975457C00311D5B /* UIKit.framework */; };
		B9AEEB3F1975457C00311D5B /* InfoPlist.strings in Resources */ = {isa = PBXBuildFile; fileRef = B9AEEB3D1975457C00311D5B /* InfoPlist.strings */; };
		B9AEEB411975457C00311D5B /* main.m in Sources */ = {isa = PBXBuildFile; fileRef = B9AEEB401975457C00311D5B /* main.m */; };
		B9AEEB451975457C00311D5B /* AppDelegate.m in Sources */ = {isa = PBXBuildFile; fileRef = B9AEEB441975457C00311D5B /* AppDelegate.m */; };
		B9AEEB481975457C00311D5B /* Main.storyboard in Resources */ = {isa = PBXBuildFile; fileRef = B9AEEB461975457C00311D5B /* Main.storyboard */; };
		B9AEEB4B1975457C00311D5B /* ViewController.m in Sources */ = {isa = PBXBuildFile; fileRef = B9AEEB4A1975457C00311D5B /* ViewController.m */; };
		B9AEEB4D1975457C00311D5B /* Images.xcassets in Resources */ = {isa = PBXBuildFile; fileRef = B9AEEB4C1975457C00311D5B /* Images.xcassets */; };
		B9AEEB541975457D00311D5B /* XCTest.framework in Frameworks */ = {isa = PBXBuildFile; fileRef = B9AEEB531975457D00311D5B /* XCTest.framework */; };
		B9AEEB551975457D00311D5B /* Foundation.framework in Frameworks */ = {isa = PBXBuildFile; fileRef = B9AEEB341975457C00311D5B /* Foundation.framework */; };
		B9AEEB561975457D00311D5B /* UIKit.framework in Frameworks */ = {isa = PBXBuildFile; fileRef = B9AEEB381975457C00311D5B /* UIKit.framework */; };
		B9AEEB5E1975457D00311D5B /* InfoPlist.strings in Resources */ = {isa = PBXBuildFile; fileRef = B9AEEB5C1975457D00311D5B /* InfoPlist.strings */; };
		B9AEEB601975457D00311D5B /* BMI2Tests.m in Sources */ = {isa = PBXBuildFile; fileRef = B9AEEB5F1975457D00311D5B /* BMI2Tests.m */; };
/* End PBXBuildFile section */

/* Begin PBXContainerItemProxy section */
		B9AEEB571975457D00311D5B /* PBXContainerItemProxy */ = {
			isa = PBXContainerItemProxy;
			containerPortal = B9AEEB291975457C00311D5B /* Project object */;
			proxyType = 1;
			remoteGlobalIDString = B9AEEB301975457C00311D5B;
			remoteInfo = BMI2;
		};
/* End PBXContainerItemProxy section */

/* Begin PBXFileReference section */
		B9AEEB311975457C00311D5B /* BMI2.app */ = {isa = PBXFileReference; explicitFileType = wrapper.application; includeInIndex = 0; path = BMI2.app; sourceTree = BUILT_PRODUCTS_DIR; };
		B9AEEB341975457C00311D5B /* Foundation.framework */ = {isa = PBXFileReference; lastKnownFileType = wrapper.framework; name = Foundation.framework; path = System/Library/Frameworks/Foundation.framework; sourceTree = SDKROOT; };
		B9AEEB361975457C00311D5B /* CoreGraphics.framework */ = {isa = PBXFileReference; lastKnownFileType = wrapper.framework; name = CoreGraphics.framework; path = System/Library/Frameworks/CoreGraphics.framework; sourceTree = SDKROOT; };
		B9AEEB381975457C00311D5B /* UIKit.framework */ = {isa = PBXFileReference; lastKnownFileType = wrapper.framework; name = UIKit.framework; path = System/Library/Frameworks/UIKit.framework; sourceTree = SDKROOT; };
		B9AEEB3C1975457C00311D5B /* BMI2-Info.plist */ = {isa = PBXFileReference; lastKnownFileType = text.plist.xml; path = "BMI2-Info.plist"; sourceTree = "<group>"; };
		B9AEEB3E1975457C00311D5B /* en */ = {isa = PBXFileReference; lastKnownFileType = text.plist.strings; name = en; path = en.lproj/InfoPlist.strings; sourceTree = "<group>"; };
		B9AEEB401975457C00311D5B /* main.m */ = {isa = PBXFileReference; lastKnownFileType = sourcecode.c.objc; path = main.m; sourceTree = "<group>"; };
		B9AEEB421975457C00311D5B /* BMI2-Prefix.pch */ = {isa = PBXFileReference; lastKnownFileType = sourcecode.c.h; path = "BMI2-Prefix.pch"; sourceTree = "<group>"; };
		B9AEEB431975457C00311D5B /* AppDelegate.h */ = {isa = PBXFileReference; lastKnownFileType = sourcecode.c.h; path = AppDelegate.h; sourceTree = "<group>"; };
		B9AEEB441975457C00311D5B /* AppDelegate.m */ = {isa = PBXFileReference; lastKnownFileType = sourcecode.c.objc; path = AppDelegate.m; sourceTree = "<group>"; };
		B9AEEB471975457C00311D5B /* Base */ = {isa = PBXFileReference; lastKnownFileType = file.storyboard; name = Base; path = Base.lproj/Main.storyboard; sourceTree = "<group>"; };
		B9AEEB491975457C00311D5B /* ViewController.h */ = {isa = PBXFileReference; lastKnownFileType = sourcecode.c.h; path = ViewController.h; sourceTree = "<group>"; };
		B9AEEB4A1975457C00311D5B /* ViewController.m */ = {isa = PBXFileReference; lastKnownFileType = sourcecode.c.objc; path = ViewController.m; sourceTree = "<group>"; };
		B9AEEB4C1975457C00311D5B /* Images.xcassets */ = {isa = PBXFileReference; lastKnownFileType = folder.assetcatalog; path = Images.xcassets; sourceTree = "<group>"; };
		B9AEEB521975457D00311D5B /* BMI2Tests.xctest */ = {isa = PBXFileReference; explicitFileType = wrapper.cfbundle; includeInIndex = 0; path = BMI2Tests.xctest; sourceTree = BUILT_PRODUCTS_DIR; };
		B9AEEB531975457D00311D5B /* XCTest.framework */ = {isa = PBXFileReference; lastKnownFileType = wrapper.framework; name = XCTest.framework; path = Library/Frameworks/XCTest.framework; sourceTree = DEVELOPER_DIR; };
		B9AEEB5B1975457D00311D5B /* BMI2Tests-Info.plist */ = {isa = PBXFileReference; lastKnownFileType = text.plist.xml; path = "BMI2Tests-Info.plist"; sourceTree = "<group>"; };
		B9AEEB5D1975457D00311D5B /* en */ = {isa = PBXFileReference; lastKnownFileType = text.plist.strings; name = en; path = en.lproj/InfoPlist.strings; sourceTree = "<group>"; };
		B9AEEB5F1975457D00311D5B /* BMI2Tests.m */ = {isa = PBXFileReference; lastKnownFileType = sourcecode.c.objc; path = BMI2Tests.m; sourceTree = "<group>"; };
/* End PBXFileReference section */

/* Begin PBXFrameworksBuildPhase section */
		B9AEEB2E1975457C00311D5B /* Frameworks */ = {
			isa = PBXFrameworksBuildPhase;
			buildActionMask = 2147483647;
			files = (
				B9AEEB371975457C00311D5B /* CoreGraphics.framework in Frameworks */,
				B9AEEB391975457C00311D5B /* UIKit.framework in Frameworks */,
				B9AEEB351975457C00311D5B /* Foundation.framework in Frameworks */,
			);
			runOnlyForDeploymentPostprocessing = 0;
		};
		B9AEEB4F1975457D00311D5B /* Frameworks */ = {
			isa = PBXFrameworksBuildPhase;
			buildActionMask = 2147483647;
			files = (
				B9AEEB541975457D00311D5B /* XCTest.framework in Frameworks */,
				B9AEEB561975457D00311D5B /* UIKit.framework in Frameworks */,
				B9AEEB551975457D00311D5B /* Foundation.framework in Frameworks */,
			);
			runOnlyForDeploymentPostprocessing = 0;
		};
/* End PBXFrameworksBuildPhase section */

/* Begin PBXGroup section */
		B9AEEB281975457C00311D5B = {
			isa = PBXGroup;
			children = (
				B9AEEB3A1975457C00311D5B /* BMI2 */,
				B9AEEB591975457D00311D5B /* BMI2Tests */,
				B9AEEB331975457C00311D5B /* Frameworks */,
				B9AEEB321975457C00311D5B /* Products */,
			);
			sourceTree = "<group>";
		};
		B9AEEB321975457C00311D5B /* Products */ = {
			isa = PBXGroup;
			children = (
				B9AEEB311975457C00311D5B /* BMI2.app */,
				B9AEEB521975457D00311D5B /* BMI2Tests.xctest */,
			);
			name = Products;
			sourceTree = "<group>";
		};
		B9AEEB331975457C00311D5B /* Frameworks */ = {
			isa = PBXGroup;
			children = (
				B9AEEB341975457C00311D5B /* Foundation.framework */,
				B9AEEB361975457C00311D5B /* CoreGraphics.framework */,
				B9AEEB381975457C00311D5B /* UIKit.framework */,
				B9AEEB531975457D00311D5B /* XCTest.framework */,
			);
			name = Frameworks;
			sourceTree = "<group>";
		};
		B9AEEB3A1975457C00311D5B /* BMI2 */ = {
			isa = PBXGroup;
			children = (
				B9AEEB431975457C00311D5B /* AppDelegate.h */,
				B9AEEB441975457C00311D5B /* AppDelegate.m */,
				B9AEEB461975457C00311D5B /* Main.storyboard */,
				B9AEEB491975457C00311D5B /* ViewController.h */,
				B9AEEB4A1975457C00311D5B /* ViewController.m */,
				B9AEEB4C1975457C00311D5B /* Images.xcassets */,
				B9AEEB3B1975457C00311D5B /* Supporting Files */,
			);
			path = BMI2;
			sourceTree = "<group>";
		};
		B9AEEB3B1975457C00311D5B /* Supporting Files */ = {
			isa = PBXGroup;
			children = (
				B9AEEB3C1975457C00311D5B /* BMI2-Info.plist */,
				B9AEEB3D1975457C00311D5B /* InfoPlist.strings */,
				B9AEEB401975457C00311D5B /* main.m */,
				B9AEEB421975457C00311D5B /* BMI2-Prefix.pch */,
			);
			name = "Supporting Files";
			sourceTree = "<group>";
		};
		B9AEEB591975457D00311D5B /* BMI2Tests */ = {
			isa = PBXGroup;
			children = (
				B9AEEB5F1975457D00311D5B /* BMI2Tests.m */,
				B9AEEB5A1975457D00311D5B /* Supporting Files */,
			);
			path = BMI2Tests;
			sourceTree = "<group>";
		};
		B9AEEB5A1975457D00311D5B /* Supporting Files */ = {
			isa = PBXGroup;
			children = (
				B9AEEB5B1975457D00311D5B /* BMI2Tests-Info.plist */,
				B9AEEB5C1975457D00311D5B /* InfoPlist.strings */,
			);
			name = "Supporting Files";
			sourceTree = "<group>";
		};
/* End PBXGroup section */

/* Begin PBXNativeTarget section */
		B9AEEB301975457C00311D5B /* BMI2 */ = {
			isa = PBXNativeTarget;
			buildConfigurationList = B9AEEB631975457D00311D5B /* Build configuration list for PBXNativeTarget "BMI2" */;
			buildPhases = (
				B9AEEB2D1975457C00311D5B /* Sources */,
				B9AEEB2E1975457C00311D5B /* Frameworks */,
				B9AEEB2F1975457C00311D5B /* Resources */,
			);
			buildRules = (
			);
			dependencies = (
			);
			name = BMI2;
			productName = BMI2;
			productReference = B9AEEB311975457C00311D5B /* BMI2.app */;
			productType = "com.apple.product-type.application";
		};
		B9AEEB511975457D00311D5B /* BMI2Tests */ = {
			isa = PBXNativeTarget;
			buildConfigurationList = B9AEEB661975457D00311D5B /* Build configuration list for PBXNativeTarget "BMI2Tests" */;
			buildPhases = (
				B9AEEB4E1975457D00311D5B /* Sources */,
				B9AEEB4F1975457D00311D5B /* Frameworks */,
				B9AEEB501975457D00311D5B /* Resources */,
			);
			buildRules = (
			);
			dependencies = (
				B9AEEB581975457D00311D5B /* PBXTargetDependency */,
			);
			name = BMI2Tests;
			productName = BMI2Tests;
			productReference = B9AEEB521975457D00311D5B /* BMI2Tests.xctest */;
			productType = "com.apple.product-type.bundle.unit-test";
		};
/* End PBXNativeTarget section */

/* Begin PBXProject section */
		B9AEEB291975457C00311D5B /* Project object */ = {
			isa = PBXProject;
			attributes = {
				LastUpgradeCheck = 0510;
				ORGANIZATIONNAME = "Hiroshi Takayama";
				TargetAttributes = {
					B9AEEB511975457D00311D5B = {
						TestTargetID = B9AEEB301975457C00311D5B;
					};
				};
			};
			buildConfigurationList = B9AEEB2C1975457C00311D5B /* Build configuration list for PBXProject "BMI2" */;
			compatibilityVersion = "Xcode 3.2";
			developmentRegion = English;
			hasScannedForEncodings = 0;
			knownRegions = (
				en,
				Base,
			);
			mainGroup = B9AEEB281975457C00311D5B;
			productRefGroup = B9AEEB321975457C00311D5B /* Products */;
			projectDirPath = "";
			projectRoot = "";
			targets = (
				B9AEEB301975457C00311D5B /* BMI2 */,
				B9AEEB511975457D00311D5B /* BMI2Tests */,
			);
		};
/* End PBXProject section */

/* Begin PBXResourcesBuildPhase section */
		B9AEEB2F1975457C00311D5B /* Resources */ = {
			isa = PBXResourcesBuildPhase;
			buildActionMask = 2147483647;
			files = (
				B9AEEB4D1975457C00311D5B /* Images.xcassets in Resources */,
				B9AEEB3F1975457C00311D5B /* InfoPlist.strings in Resources */,
				B9AEEB481975457C00311D5B /* Main.storyboard in Resources */,
			);
			runOnlyForDeploymentPostprocessing = 0;
		};
		B9AEEB501975457D00311D5B /* Resources */ = {
			isa = PBXResourcesBuildPhase;
			buildActionMask = 2147483647;
			files = (
				B9AEEB5E1975457D00311D5B /* InfoPlist.strings in Resources */,
			);
			runOnlyForDeploymentPostprocessing = 0;
		};
/* End PBXResourcesBuildPhase section */

/* Begin PBXSourcesBuildPhase section */
		B9AEEB2D1975457C00311D5B /* Sources */ = {
			isa = PBXSourcesBuildPhase;
			buildActionMask = 2147483647;
			files = (
				B9AEEB4B1975457C00311D5B /* ViewController.m in Sources */,
				B9AEEB451975457C00311D5B /* AppDelegate.m in Sources */,
				B9AEEB411975457C00311D5B /* main.m in Sources */,
			);
			runOnlyForDeploymentPostprocessing = 0;
		};
		B9AEEB4E1975457D00311D5B /* Sources */ = {
			isa = PBXSourcesBuildPhase;
			buildActionMask = 2147483647;
			files = (
				B9AEEB601975457D00311D5B /* BMI2Tests.m in Sources */,
			);
			runOnlyForDeploymentPostprocessing = 0;
		};
/* End PBXSourcesBuildPhase section */

/* Begin PBXTargetDependency section */
		B9AEEB581975457D00311D5B /* PBXTargetDependency */ = {
			isa = PBXTargetDependency;
			target = B9AEEB301975457C00311D5B /* BMI2 */;
			targetProxy = B9AEEB571975457D00311D5B /* PBXContainerItemProxy */;
		};
/* End PBXTargetDependency section */

/* Begin PBXVariantGroup section */
		B9AEEB3D1975457C00311D5B /* InfoPlist.strings */ = {
			isa = PBXVariantGroup;
			children = (
				B9AEEB3E1975457C00311D5B /* en */,
			);
			name = InfoPlist.strings;
			sourceTree = "<group>";
		};
		B9AEEB461975457C00311D5B /* Main.storyboard */ = {
			isa = PBXVariantGroup;
			children = (
				B9AEEB471975457C00311D5B /* Base */,
			);
			name = Main.storyboard;
			sourceTree = "<group>";
		};
		B9AEEB5C1975457D00311D5B /* InfoPlist.strings */ = {
			isa = PBXVariantGroup;
			children = (
				B9AEEB5D1975457D00311D5B /* en */,
			);
			name = InfoPlist.strings;
			sourceTree = "<group>";
		};
/* End PBXVariantGroup section */

/* Begin XCBuildConfiguration section */
		B9AEEB611975457D00311D5B /* Debug */ = {
			isa = XCBuildConfiguration;
			buildSettings = {
				ALWAYS_SEARCH_USER_PATHS = NO;
				CLANG_CXX_LANGUAGE_STANDARD = "gnu++0x";
				CLANG_CXX_LIBRARY = "libc++";
				CLANG_ENABLE_MODULES = YES;
				CLANG_ENABLE_OBJC_ARC = YES;
				CLANG_WARN_BOOL_CONVERSION = YES;
				CLANG_WARN_CONSTANT_CONVERSION = YES;
				CLANG_WARN_DIRECT_OBJC_ISA_USAGE = YES_ERROR;
				CLANG_WARN_EMPTY_BODY = YES;
				CLANG_WARN_ENUM_CONVERSION = YES;
				CLANG_WARN_INT_CONVERSION = YES;
				CLANG_WARN_OBJC_ROOT_CLASS = YES_ERROR;
				CLANG_WARN__DUPLICATE_METHOD_MATCH = YES;
				"CODE_SIGN_IDENTITY[sdk=iphoneos*]" = "iPhone Developer";
				COPY_PHASE_STRIP = NO;
				GCC_C_LANGUAGE_STANDARD = gnu99;
				GCC_DYNAMIC_NO_PIC = NO;
				GCC_OPTIMIZATION_LEVEL = 0;
				GCC_PREPROCESSOR_DEFINITIONS = (
					"DEBUG=1",
					"$(inherited)",
				);
				GCC_SYMBOLS_PRIVATE_EXTERN = NO;
				GCC_WARN_64_TO_32_BIT_CONVERSION = YES;
				GCC_WARN_ABOUT_RETURN_TYPE = YES_ERROR;
				GCC_WARN_UNDECLARED_SELECTOR = YES;
				GCC_WARN_UNINITIALIZED_AUTOS = YES_AGGRESSIVE;
				GCC_WARN_UNUSED_FUNCTION = YES;
				GCC_WARN_UNUSED_VARIABLE = YES;
				IPHONEOS_DEPLOYMENT_TARGET = 7.1;
				ONLY_ACTIVE_ARCH = YES;
				SDKROOT = iphoneos;
			};
			name = Debug;
		};
		B9AEEB621975457D00311D5B /* Release */ = {
			isa = XCBuildConfiguration;
			buildSettings = {
				ALWAYS_SEARCH_USER_PATHS = NO;
				CLANG_CXX_LANGUAGE_STANDARD = "gnu++0x";
				CLANG_CXX_LIBRARY = "libc++";
				CLANG_ENABLE_MODULES = YES;
				CLANG_ENABLE_OBJC_ARC = YES;
				CLANG_WARN_BOOL_CONVERSION = YES;
				CLANG_WARN_CONSTANT_CONVERSION = YES;
				CLANG_WARN_DIRECT_OBJC_ISA_USAGE = YES_ERROR;
				CLANG_WARN_EMPTY_BODY = YES;
				CLANG_WARN_ENUM_CONVERSION = YES;
				CLANG_WARN_INT_CONVERSION = YES;
				CLANG_WARN_OBJC_ROOT_CLASS = YES_ERROR;
				CLANG_WARN__DUPLICATE_METHOD_MATCH = YES;
				"CODE_SIGN_IDENTITY[sdk=iphoneos*]" = "iPhone Developer";
				COPY_PHASE_STRIP = YES;
				ENABLE_NS_ASSERTIONS = NO;
				GCC_C_LANGUAGE_STANDARD = gnu99;
				GCC_WARN_64_TO_32_BIT_CONVERSION = YES;
				GCC_WARN_ABOUT_RETURN_TYPE = YES_ERROR;
				GCC_WARN_UNDECLARED_SELECTOR = YES;
				GCC_WARN_UNINITIALIZED_AUTOS = YES_AGGRESSIVE;
				GCC_WARN_UNUSED_FUNCTION = YES;
				GCC_WARN_UNUSED_VARIABLE = YES;
				IPHONEOS_DEPLOYMENT_TARGET = 7.1;
				SDKROOT = iphoneos;
				VALIDATE_PRODUCT = YES;
			};
			name = Release;
		};
		B9AEEB641975457D00311D5B /* Debug */ = {
			isa = XCBuildConfiguration;
			buildSettings = {
				ASSETCATALOG_COMPILER_APPICON_NAME = AppIcon;
				ASSETCATALOG_COMPILER_LAUNCHIMAGE_NAME = LaunchImage;
				GCC_PRECOMPILE_PREFIX_HEADER = YES;
				GCC_PREFIX_HEADER = "BMI2/BMI2-Prefix.pch";
				INFOPLIST_FILE = "BMI2/BMI2-Info.plist";
				PRODUCT_NAME = "$(TARGET_NAME)";
				WRAPPER_EXTENSION = app;
			};
			name = Debug;
		};
		B9AEEB651975457D00311D5B /* Release */ = {
			isa = XCBuildConfiguration;
			buildSettings = {
				ASSETCATALOG_COMPILER_APPICON_NAME = AppIcon;
				ASSETCATALOG_COMPILER_LAUNCHIMAGE_NAME = LaunchImage;
				GCC_PRECOMPILE_PREFIX_HEADER = YES;
				GCC_PREFIX_HEADER = "BMI2/BMI2-Prefix.pch";
				INFOPLIST_FILE = "BMI2/BMI2-Info.plist";
				PRODUCT_NAME = "$(TARGET_NAME)";
				WRAPPER_EXTENSION = app;
			};
			name = Release;
		};
		B9AEEB671975457D00311D5B /* Debug */ = {
			isa = XCBuildConfiguration;
			buildSettings = {
				BUNDLE_LOADER = "$(BUILT_PRODUCTS_DIR)/BMI2.app/BMI2";
				FRAMEWORK_SEARCH_PATHS = (
					"$(SDKROOT)/Developer/Library/Frameworks",
					"$(inherited)",
					"$(DEVELOPER_FRAMEWORKS_DIR)",
				);
				GCC_PRECOMPILE_PREFIX_HEADER = YES;
				GCC_PREFIX_HEADER = "BMI2/BMI2-Prefix.pch";
				GCC_PREPROCESSOR_DEFINITIONS = (
					"DEBUG=1",
					"$(inherited)",
				);
				INFOPLIST_FILE = "BMI2Tests/BMI2Tests-Info.plist";
				PRODUCT_NAME = "$(TARGET_NAME)";
				TEST_HOST = "$(BUNDLE_LOADER)";
				WRAPPER_EXTENSION = xctest;
			};
			name = Debug;
		};
		B9AEEB681975457D00311D5B /* Release */ = {
			isa = XCBuildConfiguration;
			buildSettings = {
				BUNDLE_LOADER = "$(BUILT_PRODUCTS_DIR)/BMI2.app/BMI2";
				FRAMEWORK_SEARCH_PATHS = (
					"$(SDKROOT)/Developer/Library/Frameworks",
					"$(inherited)",
					"$(DEVELOPER_FRAMEWORKS_DIR)",
				);
				GCC_PRECOMPILE_PREFIX_HEADER = YES;
				GCC_PREFIX_HEADER = "BMI2/BMI2-Prefix.pch";
				INFOPLIST_FILE = "BMI2Tests/BMI2Tests-Info.plist";
				PRODUCT_NAME = "$(TARGET_NAME)";
				TEST_HOST = "$(BUNDLE_LOADER)";
				WRAPPER_EXTENSION = xctest;
			};
			name = Release;
		};
/* End XCBuildConfiguration section */

/* Begin XCConfigurationList section */
		B9AEEB2C1975457C00311D5B /* Build configuration list for PBXProject "BMI2" */ = {
			isa = XCConfigurationList;
			buildConfigurations = (
				B9AEEB611975457D00311D5B /* Debug */,
				B9AEEB621975457D00311D5B /* Release */,
			);
			defaultConfigurationIsVisible = 0;
			defaultConfigurationName = Release;
		};
		B9AEEB631975457D00311D5B /* Build configuration list for PBXNativeTarget "BMI2" */ = {
			isa = XCConfigurationList;
			buildConfigurations = (
				B9AEEB641975457D00311D5B /* Debug */,
				B9AEEB651975457D00311D5B /* Release */,
			);
			defaultConfigurationIsVisible = 0;
		};
		B9AEEB661975457D00311D5B /* Build configuration list for PBXNativeTarget "BMI2Tests" */ = {
			isa = XCConfigurationList;
			buildConfigurations = (
				B9AEEB671975457D00311D5B /* Debug */,
				B9AEEB681975457D00311D5B /* Release */,
			);
			defaultConfigurationIsVisible = 0;
		};
/* End XCConfigurationList section */
	};
	rootObject = B9AEEB291975457C00311D5B /* Project object */;
}
